
Microsoft Visual Studio Solution File, Format Version 12.00
# Visual Studio Version 17
VisualStudioVersion = 17.3.32811.315
MinimumVisualStudioVersion = 10.0.40219.1
Project("{9A19103F-16F7-4668-BE54-9A1E7A4F7556}") = "NetCoreBackend.DataAccess", "NetCoreBackend.DataAccess\NetCoreBackend.DataAccess.csproj", "{7558578E-4F4C-4CD2-9177-3436D820EA6C}"
EndProject
Project("{9A19103F-16F7-4668-BE54-9A1E7A4F7556}") = "NetCoreBackend.Business", "NetCoreBackend.Business\NetCoreBackend.Business.csproj", "{741FE2D8-BD30-4417-A5A9-049E6409DF0D}"
EndProject
Project("{9A19103F-16F7-4668-BE54-9A1E7A4F7556}") = "NetCoreBackend.Entities", "NetCoreBackend.Entities\NetCoreBackend.Entities.csproj", "{5C045EA4-263B-426F-8BE9-8C366EFE6E8B}"
EndProject
Project("{9A19103F-16F7-4668-BE54-9A1E7A4F7556}") = "NetCoreBackend.Core", "NetCoreBackend.Core\NetCoreBackend.Core.csproj", "{5E66B644-E775-4259-B638-3D4CCD019D4B}"
EndProject
Project("{FAE04EC0-301F-11D3-BF4B-00C04F79EFBC}") = "NetCoreBackend.WebAPI", "NetCoreBackend.WebAPI\NetCoreBackend.WebAPI.csproj", "{D38E7FD5-96AB-47A8-92C6-F88BA7CDF89A}"
EndProject
Global
	GlobalSection(SolutionConfigurationPlatforms) = preSolution
		Debug|Any CPU = Debug|Any CPU
		Release|Any CPU = Release|Any CPU
	EndGlobalSection
	GlobalSection(ProjectConfigurationPlatforms) = postSolution
		{7558578E-4F4C-4CD2-9177-3436D820EA6C}.Debug|Any CPU.ActiveCfg = Debug|Any CPU
		{7558578E-4F4C-4CD2-9177-3436D820EA6C}.Debug|Any CPU.Build.0 = Debug|Any CPU
		{7558578E-4F4C-4CD2-9177-3436D820EA6C}.Release|Any CPU.ActiveCfg = Release|Any CPU
		{7558578E-4F4C-4CD2-9177-3436D820EA6C}.Release|Any CPU.Build.0 = Release|Any CPU
		{741FE2D8-BD30-4417-A5A9-049E6409DF0D}.Debug|Any CPU.ActiveCfg = Debug|Any CPU
		{741FE2D8-BD30-4417-A5A9-049E6409DF0D}.Debug|Any CPU.Build.0 = Debug|Any CPU
		{741FE2D8-BD30-4417-A5A9-049E6409DF0D}.Release|Any CPU.ActiveCfg = Release|Any CPU
		{741FE2D8-BD30-4417-A5A9-049E6409DF0D}.Release|Any CPU.Build.0 = Release|Any CPU
		{5C045EA4-263B-426F-8BE9-8C366EFE6E8B}.Debug|Any CPU.ActiveCfg = Debug|Any CPU
		{5C045EA4-263B-426F-8BE9-8C366EFE6E8B}.Debug|Any CPU.Build.0 = Debug|Any CPU
		{5C045EA4-263B-426F-8BE9-8C366EFE6E8B}.Release|Any CPU.ActiveCfg = Release|Any CPU
		{5C045EA4-263B-426F-8BE9-8C366EFE6E8B}.Release|Any CPU.Build.0 = Release|Any CPU
		{5E66B644-E775-4259-B638-3D4CCD019D4B}.Debug|Any CPU.ActiveCfg = Debug|Any CPU
		{5E66B644-E775-4259-B638-3D4CCD019D4B}.Debug|Any CPU.Build.0 = Debug|Any CPU
		{5E66B644-E775-4259-B638-3D4CCD019D4B}.Release|Any CPU.ActiveCfg = Release|Any CPU
		{5E66B644-E775-4259-B638-3D4CCD019D4B}.Release|Any CPU.Build.0 = Release|Any CPU
		{D38E7FD5-96AB-47A8-92C6-F88BA7CDF89A}.Debug|Any CPU.ActiveCfg = Debug|Any CPU
		{D38E7FD5-96AB-47A8-92C6-F88BA7CDF89A}.Debug|Any CPU.Build.0 = Debug|Any CPU
		{D38E7FD5-96AB-47A8-92C6-F88BA7CDF89A}.Release|Any CPU.ActiveCfg = Release|Any CPU
		{D38E7FD5-96AB-47A8-92C6-F88BA7CDF89A}.Release|Any CPU.Build.0 = Release|Any CPU
	EndGlobalSection
	GlobalSection(SolutionProperties) = preSolution
		HideSolutionNode = FALSE
	EndGlobalSection
	GlobalSection(ExtensibilityGlobals) = postSolution
		SolutionGuid = {DFBDA68A-C1A3-4E83-8B50-63E921CEA78E}
	EndGlobalSection
EndGlobal
